
Microsoft Visual Studio Solution File, Format Version 12.00
# Visual Studio Version 17
VisualStudioVersion = 17.0.32014.148
MinimumVisualStudioVersion = 10.0.40219.1
Project("{FAE04EC0-301F-11D3-BF4B-00C04F79EFBC}") = "WpfApp2", "WpfApp2\WpfApp2.csproj", "{2C4C31AE-DB0B-49FF-9656-548FF414952A}"
EndProject
Global
	GlobalSection(SolutionConfigurationPlatforms) = preSolution
		Debug|Any CPU = Debug|Any CPU
		Release|Any CPU = Release|Any CPU
	EndGlobalSection
	GlobalSection(ProjectConfigurationPlatforms) = postSolution
		{2C4C31AE-DB0B-49FF-9656-548FF414952A}.Debug|Any CPU.ActiveCfg = Debug|Any CPU
		{2C4C31AE-DB0B-49FF-9656-548FF414952A}.Debug|Any CPU.Build.0 = Debug|Any CPU
		{2C4C31AE-DB0B-49FF-9656-548FF414952A}.Release|Any CPU.ActiveCfg = Release|Any CPU
		{2C4C31AE-DB0B-49FF-9656-548FF414952A}.Release|Any CPU.Build.0 = Release|Any CPU
	EndGlobalSection
	GlobalSection(SolutionProperties) = preSolution
		HideSolutionNode = FALSE
	EndGlobalSection
	GlobalSection(ExtensibilityGlobals) = postSolution
		SolutionGuid = {661F27CB-57B6-4787-96E1-671B172E2574}
	EndGlobalSection
EndGlobal
